// !$*UTF8*$!
{
	archiveVersion = 1;
	classes = {
	};
	objectVersion = 46;
	objects = {

/* Begin PBXBuildFile section */
		8C0376D61B78B9330037DD02 /* AppDelegate.swift in Sources */ = {isa = PBXBuildFile; fileRef = 8C0376D51B78B9330037DD02 /* AppDelegate.swift */; };
		8C0376DA1B78B9340037DD02 /* GameScene.swift in Sources */ = {isa = PBXBuildFile; fileRef = 8C0376D91B78B9340037DD02 /* GameScene.swift */; };
		8C0376DC1B78B9340037DD02 /* GameViewController.swift in Sources */ = {isa = PBXBuildFile; fileRef = 8C0376DB1B78B9340037DD02 /* GameViewController.swift */; };
		8C0376DF1B78B9340037DD02 /* Main.storyboard in Resources */ = {isa = PBXBuildFile; fileRef = 8C0376DD1B78B9340037DD02 /* Main.storyboard */; };
		8C0376E11B78B9340037DD02 /* Images.xcassets in Resources */ = {isa = PBXBuildFile; fileRef = 8C0376E01B78B9340037DD02 /* Images.xcassets */; };
		8C0376E41B78B9340037DD02 /* LaunchScreen.xib in Resources */ = {isa = PBXBuildFile; fileRef = 8C0376E21B78B9340037DD02 /* LaunchScreen.xib */; };
		8C0376F01B78B9340037DD02 /* Dodge_BallsTests.swift in Sources */ = {isa = PBXBuildFile; fileRef = 8C0376EF1B78B9340037DD02 /* Dodge_BallsTests.swift */; };
		8C0376FA1B797D540037DD02 /* Hero.swift in Sources */ = {isa = PBXBuildFile; fileRef = 8C0376F91B797D540037DD02 /* Hero.swift */; };
		8C0376FC1B7982550037DD02 /* BadGuy.swift in Sources */ = {isa = PBXBuildFile; fileRef = 8C0376FB1B7982550037DD02 /* BadGuy.swift */; };
/* End PBXBuildFile section */

/* Begin PBXContainerItemProxy section */
		8C0376EA1B78B9340037DD02 /* PBXContainerItemProxy */ = {
			isa = PBXContainerItemProxy;
			containerPortal = 8C0376C81B78B9330037DD02 /* Project object */;
			proxyType = 1;
			remoteGlobalIDString = 8C0376CF1B78B9330037DD02;
			remoteInfo = "Dodge Balls";
		};
/* End PBXContainerItemProxy section */

/* Begin PBXFileReference section */
		8C0376D01B78B9330037DD02 /* Dodge Balls.app */ = {isa = PBXFileReference; explicitFileType = wrapper.application; includeInIndex = 0; path = "Dodge Balls.app"; sourceTree = BUILT_PRODUCTS_DIR; };
		8C0376D41B78B9330037DD02 /* Info.plist */ = {isa = PBXFileReference; lastKnownFileType = text.plist.xml; path = Info.plist; sourceTree = "<group>"; };
		8C0376D51B78B9330037DD02 /* AppDelegate.swift */ = {isa = PBXFileReference; lastKnownFileType = sourcecode.swift; path = AppDelegate.swift; sourceTree = "<group>"; };
		8C0376D91B78B9340037DD02 /* GameScene.swift */ = {isa = PBXFileReference; lastKnownFileType = sourcecode.swift; path = GameScene.swift; sourceTree = "<group>"; };
		8C0376DB1B78B9340037DD02 /* GameViewController.swift */ = {isa = PBXFileReference; lastKnownFileType = sourcecode.swift; path = GameViewController.swift; sourceTree = "<group>"; };
		8C0376DE1B78B9340037DD02 /* Base */ = {isa = PBXFileReference; lastKnownFileType = file.storyboard; name = Base; path = Base.lproj/Main.storyboard; sourceTree = "<group>"; };
		8C0376E01B78B9340037DD02 /* Images.xcassets */ = {isa = PBXFileReference; lastKnownFileType = folder.assetcatalog; path = Images.xcassets; sourceTree = "<group>"; };
		8C0376E31B78B9340037DD02 /* Base */ = {isa = PBXFileReference; lastKnownFileType = file.xib; name = Base; path = Base.lproj/LaunchScreen.xib; sourceTree = "<group>"; };
		8C0376E91B78B9340037DD02 /* Dodge BallsTests.xctest */ = {isa = PBXFileReference; explicitFileType = wrapper.cfbundle; includeInIndex = 0; path = "Dodge BallsTests.xctest"; sourceTree = BUILT_PRODUCTS_DIR; };
		8C0376EE1B78B9340037DD02 /* Info.plist */ = {isa = PBXFileReference; lastKnownFileType = text.plist.xml; path = Info.plist; sourceTree = "<group>"; };
		8C0376EF1B78B9340037DD02 /* Dodge_BallsTests.swift */ = {isa = PBXFileReference; lastKnownFileType = sourcecode.swift; path = Dodge_BallsTests.swift; sourceTree = "<group>"; };
		8C0376F91B797D540037DD02 /* Hero.swift */ = {isa = PBXFileReference; fileEncoding = 4; lastKnownFileType = sourcecode.swift; path = Hero.swift; sourceTree = "<group>"; };
		8C0376FB1B7982550037DD02 /* BadGuy.swift */ = {isa = PBXFileReference; fileEncoding = 4; lastKnownFileType = sourcecode.swift; path = BadGuy.swift; sourceTree = "<group>"; };
/* End PBXFileReference section */

/* Begin PBXFrameworksBuildPhase section */
		8C0376CD1B78B9330037DD02 /* Frameworks */ = {
			isa = PBXFrameworksBuildPhase;
			buildActionMask = 2147483647;
			files = (
			);
			runOnlyForDeploymentPostprocessing = 0;
		};
		8C0376E61B78B9340037DD02 /* Frameworks */ = {
			isa = PBXFrameworksBuildPhase;
			buildActionMask = 2147483647;
			files = (
			);
			runOnlyForDeploymentPostprocessing = 0;
		};
/* End PBXFrameworksBuildPhase section */

/* Begin PBXGroup section */
		8C0376C71B78B9330037DD02 = {
			isa = PBXGroup;
			children = (
				8C0376D21B78B9330037DD02 /* Dodge Balls */,
				8C0376EC1B78B9340037DD02 /* Dodge BallsTests */,
				8C0376D11B78B9330037DD02 /* Products */,
			);
			sourceTree = "<group>";
		};
		8C0376D11B78B9330037DD02 /* Products */ = {
			isa = PBXGroup;
			children = (
				8C0376D01B78B9330037DD02 /* Dodge Balls.app */,
				8C0376E91B78B9340037DD02 /* Dodge BallsTests.xctest */,
			);
			name = Products;
			sourceTree = "<group>";
		};
		8C0376D21B78B9330037DD02 /* Dodge Balls */ = {
			isa = PBXGroup;
			children = (
				8C0376D51B78B9330037DD02 /* AppDelegate.swift */,
				8C0376D91B78B9340037DD02 /* GameScene.swift */,
				8C0376DB1B78B9340037DD02 /* GameViewController.swift */,
				8C0376DD1B78B9340037DD02 /* Main.storyboard */,
				8C0376E01B78B9340037DD02 /* Images.xcassets */,
				8C0376E21B78B9340037DD02 /* LaunchScreen.xib */,
				8C0376D31B78B9330037DD02 /* Supporting Files */,
				8C0376F91B797D540037DD02 /* Hero.swift */,
				8C0376FB1B7982550037DD02 /* BadGuy.swift */,
			);
			path = "Dodge Balls";
			sourceTree = "<group>";
		};
		8C0376D31B78B9330037DD02 /* Supporting Files */ = {
			isa = PBXGroup;
			children = (
				8C0376D41B78B9330037DD02 /* Info.plist */,
			);
			name = "Supporting Files";
			sourceTree = "<group>";
		};
		8C0376EC1B78B9340037DD02 /* Dodge BallsTests */ = {
			isa = PBXGroup;
			children = (
				8C0376EF1B78B9340037DD02 /* Dodge_BallsTests.swift */,
				8C0376ED1B78B9340037DD02 /* Supporting Files */,
			);
			path = "Dodge BallsTests";
			sourceTree = "<group>";
		};
		8C0376ED1B78B9340037DD02 /* Supporting Files */ = {
			isa = PBXGroup;
			children = (
				8C0376EE1B78B9340037DD02 /* Info.plist */,
			);
			name = "Supporting Files";
			sourceTree = "<group>";
		};
/* End PBXGroup section */

/* Begin PBXNativeTarget section */
		8C0376CF1B78B9330037DD02 /* Dodge Balls */ = {
			isa = PBXNativeTarget;
			buildConfigurationList = 8C0376F31B78B9340037DD02 /* Build configuration list for PBXNativeTarget "Dodge Balls" */;
			buildPhases = (
				8C0376CC1B78B9330037DD02 /* Sources */,
				8C0376CD1B78B9330037DD02 /* Frameworks */,
				8C0376CE1B78B9330037DD02 /* Resources */,
			);
			buildRules = (
			);
			dependencies = (
			);
			name = "Dodge Balls";
			productName = "Dodge Balls";
			productReference = 8C0376D01B78B9330037DD02 /* Dodge Balls.app */;
			productType = "com.apple.product-type.application";
		};
		8C0376E81B78B9340037DD02 /* Dodge BallsTests */ = {
			isa = PBXNativeTarget;
			buildConfigurationList = 8C0376F61B78B9340037DD02 /* Build configuration list for PBXNativeTarget "Dodge BallsTests" */;
			buildPhases = (
				8C0376E51B78B9340037DD02 /* Sources */,
				8C0376E61B78B9340037DD02 /* Frameworks */,
				8C0376E71B78B9340037DD02 /* Resources */,
			);
			buildRules = (
			);
			dependencies = (
				8C0376EB1B78B9340037DD02 /* PBXTargetDependency */,
			);
			name = "Dodge BallsTests";
			productName = "Dodge BallsTests";
			productReference = 8C0376E91B78B9340037DD02 /* Dodge BallsTests.xctest */;
			productType = "com.apple.product-type.bundle.unit-test";
		};
/* End PBXNativeTarget section */

/* Begin PBXProject section */
		8C0376C81B78B9330037DD02 /* Project object */ = {
			isa = PBXProject;
			attributes = {
				LastUpgradeCheck = 0640;
				ORGANIZATIONNAME = "Gregg Coleman";
				TargetAttributes = {
					8C0376CF1B78B9330037DD02 = {
						CreatedOnToolsVersion = 6.4;
					};
					8C0376E81B78B9340037DD02 = {
						CreatedOnToolsVersion = 6.4;
						TestTargetID = 8C0376CF1B78B9330037DD02;
					};
				};
			};
			buildConfigurationList = 8C0376CB1B78B9330037DD02 /* Build configuration list for PBXProject "Dodge Balls" */;
			compatibilityVersion = "Xcode 3.2";
			developmentRegion = English;
			hasScannedForEncodings = 0;
			knownRegions = (
				en,
				Base,
			);
			mainGroup = 8C0376C71B78B9330037DD02;
			productRefGroup = 8C0376D11B78B9330037DD02 /* Products */;
			projectDirPath = "";
			projectRoot = "";
			targets = (
				8C0376CF1B78B9330037DD02 /* Dodge Balls */,
				8C0376E81B78B9340037DD02 /* Dodge BallsTests */,
			);
		};
/* End PBXProject section */

/* Begin PBXResourcesBuildPhase section */
		8C0376CE1B78B9330037DD02 /* Resources */ = {
			isa = PBXResourcesBuildPhase;
			buildActionMask = 2147483647;
			files = (
				8C0376E41B78B9340037DD02 /* LaunchScreen.xib in Resources */,
				8C0376E11B78B9340037DD02 /* Images.xcassets in Resources */,
				8C0376DF1B78B9340037DD02 /* Main.storyboard in Resources */,
			);
			runOnlyForDeploymentPostprocessing = 0;
		};
		8C0376E71B78B9340037DD02 /* Resources */ = {
			isa = PBXResourcesBuildPhase;
			buildActionMask = 2147483647;
			files = (
			);
			runOnlyForDeploymentPostprocessing = 0;
		};
/* End PBXResourcesBuildPhase section */

/* Begin PBXSourcesBuildPhase section */
		8C0376CC1B78B9330037DD02 /* Sources */ = {
			isa = PBXSourcesBuildPhase;
			buildActionMask = 2147483647;
			files = (
				8C0376DA1B78B9340037DD02 /* GameScene.swift in Sources */,
				8C0376DC1B78B9340037DD02 /* GameViewController.swift in Sources */,
				8C0376D61B78B9330037DD02 /* AppDelegate.swift in Sources */,
				8C0376FC1B7982550037DD02 /* BadGuy.swift in Sources */,
				8C0376FA1B797D540037DD02 /* Hero.swift in Sources */,
			);
			runOnlyForDeploymentPostprocessing = 0;
		};
		8C0376E51B78B9340037DD02 /* Sources */ = {
			isa = PBXSourcesBuildPhase;
			buildActionMask = 2147483647;
			files = (
				8C0376F01B78B9340037DD02 /* Dodge_BallsTests.swift in Sources */,
			);
			runOnlyForDeploymentPostprocessing = 0;
		};
/* End PBXSourcesBuildPhase section */

/* Begin PBXTargetDependency section */
		8C0376EB1B78B9340037DD02 /* PBXTargetDependency */ = {
			isa = PBXTargetDependency;
			target = 8C0376CF1B78B9330037DD02 /* Dodge Balls */;
			targetProxy = 8C0376EA1B78B9340037DD02 /* PBXContainerItemProxy */;
		};
/* End PBXTargetDependency section */

/* Begin PBXVariantGroup section */
		8C0376DD1B78B9340037DD02 /* Main.storyboard */ = {
			isa = PBXVariantGroup;
			children = (
				8C0376DE1B78B9340037DD02 /* Base */,
			);
			name = Main.storyboard;
			sourceTree = "<group>";
		};
		8C0376E21B78B9340037DD02 /* LaunchScreen.xib */ = {
			isa = PBXVariantGroup;
			children = (
				8C0376E31B78B9340037DD02 /* Base */,
			);
			name = LaunchScreen.xib;
			sourceTree = "<group>";
		};
/* End PBXVariantGroup section */

/* Begin XCBuildConfiguration section */
		8C0376F11B78B9340037DD02 /* Debug */ = {
			isa = XCBuildConfiguration;
			buildSettings = {
				ALWAYS_SEARCH_USER_PATHS = NO;
				CLANG_CXX_LANGUAGE_STANDARD = "gnu++0x";
				CLANG_CXX_LIBRARY = "libc++";
				CLANG_ENABLE_MODULES = YES;
				CLANG_ENABLE_OBJC_ARC = YES;
				CLANG_WARN_BOOL_CONVERSION = YES;
				CLANG_WARN_CONSTANT_CONVERSION = YES;
				CLANG_WARN_DIRECT_OBJC_ISA_USAGE = YES_ERROR;
				CLANG_WARN_EMPTY_BODY = YES;
				CLANG_WARN_ENUM_CONVERSION = YES;
				CLANG_WARN_INT_CONVERSION = YES;
				CLANG_WARN_OBJC_ROOT_CLASS = YES_ERROR;
				CLANG_WARN_UNREACHABLE_CODE = YES;
				CLANG_WARN__DUPLICATE_METHOD_MATCH = YES;
				"CODE_SIGN_IDENTITY[sdk=iphoneos*]" = "iPhone Developer";
				COPY_PHASE_STRIP = NO;
				DEBUG_INFORMATION_FORMAT = "dwarf-with-dsym";
				ENABLE_STRICT_OBJC_MSGSEND = YES;
				GCC_C_LANGUAGE_STANDARD = gnu99;
				GCC_DYNAMIC_NO_PIC = NO;
				GCC_NO_COMMON_BLOCKS = YES;
				GCC_OPTIMIZATION_LEVEL = 0;
				GCC_PREPROCESSOR_DEFINITIONS = (
					"DEBUG=1",
					"$(inherited)",
				);
				GCC_SYMBOLS_PRIVATE_EXTERN = NO;
				GCC_WARN_64_TO_32_BIT_CONVERSION = YES;
				GCC_WARN_ABOUT_RETURN_TYPE = YES_ERROR;
				GCC_WARN_UNDECLARED_SELECTOR = YES;
				GCC_WARN_UNINITIALIZED_AUTOS = YES_AGGRESSIVE;
				GCC_WARN_UNUSED_FUNCTION = YES;
				GCC_WARN_UNUSED_VARIABLE = YES;
				IPHONEOS_DEPLOYMENT_TARGET = 8.4;
				MTL_ENABLE_DEBUG_INFO = YES;
				ONLY_ACTIVE_ARCH = YES;
				SDKROOT = iphoneos;
				SWIFT_OPTIMIZATION_LEVEL = "-Onone";
			};
			name = Debug;
		};
		8C0376F21B78B9340037DD02 /* Release */ = {
			isa = XCBuildConfiguration;
			buildSettings = {
				ALWAYS_SEARCH_USER_PATHS = NO;
				CLANG_CXX_LANGUAGE_STANDARD = "gnu++0x";
				CLANG_CXX_LIBRARY = "libc++";
				CLANG_ENABLE_MODULES = YES;
				CLANG_ENABLE_OBJC_ARC = YES;
				CLANG_WARN_BOOL_CONVERSION = YES;
				CLANG_WARN_CONSTANT_CONVERSION = YES;
				CLANG_WARN_DIRECT_OBJC_ISA_USAGE = YES_ERROR;
				CLANG_WARN_EMPTY_BODY = YES;
				CLANG_WARN_ENUM_CONVERSION = YES;
				CLANG_WARN_INT_CONVERSION = YES;
				CLANG_WARN_OBJC_ROOT_CLASS = YES_ERROR;
				CLANG_WARN_UNREACHABLE_CODE = YES;
				CLANG_WARN__DUPLICATE_METHOD_MATCH = YES;
				"CODE_SIGN_IDENTITY[sdk=iphoneos*]" = "iPhone Developer";
				COPY_PHASE_STRIP = NO;
				DEBUG_INFORMATION_FORMAT = "dwarf-with-dsym";
				ENABLE_NS_ASSERTIONS = NO;
				ENABLE_STRICT_OBJC_MSGSEND = YES;
				GCC_C_LANGUAGE_STANDARD = gnu99;
				GCC_NO_COMMON_BLOCKS = YES;
				GCC_WARN_64_TO_32_BIT_CONVERSION = YES;
				GCC_WARN_ABOUT_RETURN_TYPE = YES_ERROR;
				GCC_WARN_UNDECLARED_SELECTOR = YES;
				GCC_WARN_UNINITIALIZED_AUTOS = YES_AGGRESSIVE;
				GCC_WARN_UNUSED_FUNCTION = YES;
				GCC_WARN_UNUSED_VARIABLE = YES;
				IPHONEOS_DEPLOYMENT_TARGET = 8.4;
				MTL_ENABLE_DEBUG_INFO = NO;
				SDKROOT = iphoneos;
				VALIDATE_PRODUCT = YES;
			};
			name = Release;
		};
		8C0376F41B78B9340037DD02 /* Debug */ = {
			isa = XCBuildConfiguration;
			buildSettings = {
				ASSETCATALOG_COMPILER_APPICON_NAME = AppIcon;
				INFOPLIST_FILE = "Dodge Balls/Info.plist";
				LD_RUNPATH_SEARCH_PATHS = "$(inherited) @executable_path/Frameworks";
				PRODUCT_NAME = "$(TARGET_NAME)";
			};
			name = Debug;
		};
		8C0376F51B78B9340037DD02 /* Release */ = {
			isa = XCBuildConfiguration;
			buildSettings = {
				ASSETCATALOG_COMPILER_APPICON_NAME = AppIcon;
				INFOPLIST_FILE = "Dodge Balls/Info.plist";
				LD_RUNPATH_SEARCH_PATHS = "$(inherited) @executable_path/Frameworks";
				PRODUCT_NAME = "$(TARGET_NAME)";
			};
			name = Release;
		};
		8C0376F71B78B9340037DD02 /* Debug */ = {
			isa = XCBuildConfiguration;
			buildSettings = {
				BUNDLE_LOADER = "$(TEST_HOST)";
				FRAMEWORK_SEARCH_PATHS = (
					"$(SDKROOT)/Developer/Library/Frameworks",
					"$(inherited)",
				);
				GCC_PREPROCESSOR_DEFINITIONS = (
					"DEBUG=1",
					"$(inherited)",
				);
				INFOPLIST_FILE = "Dodge BallsTests/Info.plist";
				LD_RUNPATH_SEARCH_PATHS = "$(inherited) @executable_path/Frameworks @loader_path/Frameworks";
				PRODUCT_NAME = "$(TARGET_NAME)";
				TEST_HOST = "$(BUILT_PRODUCTS_DIR)/Dodge Balls.app/Dodge Balls";
			};
			name = Debug;
		};
		8C0376F81B78B9340037DD02 /* Release */ = {
			isa = XCBuildConfiguration;
			buildSettings = {
				BUNDLE_LOADER = "$(TEST_HOST)";
				FRAMEWORK_SEARCH_PATHS = (
					"$(SDKROOT)/Developer/Library/Frameworks",
					"$(inherited)",
				);
				INFOPLIST_FILE = "Dodge BallsTests/Info.plist";
				LD_RUNPATH_SEARCH_PATHS = "$(inherited) @executable_path/Frameworks @loader_path/Frameworks";
				PRODUCT_NAME = "$(TARGET_NAME)";
				TEST_HOST = "$(BUILT_PRODUCTS_DIR)/Dodge Balls.app/Dodge Balls";
			};
			name = Release;
		};
/* End XCBuildConfiguration section */

/* Begin XCConfigurationList section */
		8C0376CB1B78B9330037DD02 /* Build configuration list for PBXProject "Dodge Balls" */ = {
			isa = XCConfigurationList;
			buildConfigurations = (
				8C0376F11B78B9340037DD02 /* Debug */,
				8C0376F21B78B9340037DD02 /* Release */,
			);
			defaultConfigurationIsVisible = 0;
			defaultConfigurationName = Release;
		};
		8C0376F31B78B9340037DD02 /* Build configuration list for PBXNativeTarget "Dodge Balls" */ = {
			isa = XCConfigurationList;
			buildConfigurations = (
				8C0376F41B78B9340037DD02 /* Debug */,
				8C0376F51B78B9340037DD02 /* Release */,
			);
			defaultConfigurationIsVisible = 0;
		};
		8C0376F61B78B9340037DD02 /* Build configuration list for PBXNativeTarget "Dodge BallsTests" */ = {
			isa = XCConfigurationList;
			buildConfigurations = (
				8C0376F71B78B9340037DD02 /* Debug */,
				8C0376F81B78B9340037DD02 /* Release */,
			);
			defaultConfigurationIsVisible = 0;
		};
/* End XCConfigurationList section */
	};
	rootObject = 8C0376C81B78B9330037DD02 /* Project object */;
}
